
Microsoft Visual Studio Solution File, Format Version 12.00
# Visual Studio Version 17
VisualStudioVersion = 17.0.31903.59
MinimumVisualStudioVersion = 10.0.40219.1
Project("{FAE04EC0-301F-11D3-BF4B-00C04F79EFBC}") = "PullRequestDescriptor.Console", "PullRequestDescriptor.Console\PullRequestDescriptor.Console.csproj", "{C424D837-424D-4A94-A94A-93CAAC7A3D54}"
EndProject
Project("{FAE04EC0-301F-11D3-BF4B-00C04F79EFBC}") = "PullRequestDescriptor", "PullRequestDescriptionGenerator.Avalonia\PullRequestDescriptor.csproj", "{440DC66E-0D63-4841-B54F-3F6DDEE68623}"
EndProject
Global
	GlobalSection(SolutionConfigurationPlatforms) = preSolution
		Debug|Any CPU = Debug|Any CPU
		Release|Any CPU = Release|Any CPU
	EndGlobalSection
	GlobalSection(SolutionProperties) = preSolution
		HideSolutionNode = FALSE
	EndGlobalSection
	GlobalSection(ProjectConfigurationPlatforms) = postSolution
		{C424D837-424D-4A94-A94A-93CAAC7A3D54}.Debug|Any CPU.ActiveCfg = Debug|Any CPU
		{C424D837-424D-4A94-A94A-93CAAC7A3D54}.Debug|Any CPU.Build.0 = Debug|Any CPU
		{C424D837-424D-4A94-A94A-93CAAC7A3D54}.Release|Any CPU.ActiveCfg = Release|Any CPU
		{C424D837-424D-4A94-A94A-93CAAC7A3D54}.Release|Any CPU.Build.0 = Release|Any CPU
		{440DC66E-0D63-4841-B54F-3F6DDEE68623}.Debug|Any CPU.ActiveCfg = Debug|Any CPU
		{440DC66E-0D63-4841-B54F-3F6DDEE68623}.Debug|Any CPU.Build.0 = Debug|Any CPU
		{440DC66E-0D63-4841-B54F-3F6DDEE68623}.Release|Any CPU.ActiveCfg = Release|Any CPU
		{440DC66E-0D63-4841-B54F-3F6DDEE68623}.Release|Any CPU.Build.0 = Release|Any CPU
	EndGlobalSection
EndGlobal
